// !$*UTF8*$!
{
	archiveVersion = 1;
	classes = {
	};
	objectVersion = 50;
	objects = {

/* Begin PBXBuildFile section */
		18156F29262783F300107CDE /* AdNetworkManagerTestCase.swift in Sources */ = {isa = PBXBuildFile; fileRef = 18156F28262783F300107CDE /* AdNetworkManagerTestCase.swift */; };
		18156F2D2627859000107CDE /* UndecodableAdsData.json in Resources */ = {isa = PBXBuildFile; fileRef = 18156F2C2627859000107CDE /* UndecodableAdsData.json */; };
		18156F39262854FE00107CDE /* CompleteAdData.json in Resources */ = {isa = PBXBuildFile; fileRef = 18156F38262854FD00107CDE /* CompleteAdData.json */; };
		181DE84D262B036100C6A4F9 /* AdCategory.swift in Sources */ = {isa = PBXBuildFile; fileRef = 181DE84C262B036100C6A4F9 /* AdCategory.swift */; };
		187555632626177200D1CD7E /* AppDelegate.swift in Sources */ = {isa = PBXBuildFile; fileRef = 187555622626177200D1CD7E /* AppDelegate.swift */; };
		187555652626177200D1CD7E /* SceneDelegate.swift in Sources */ = {isa = PBXBuildFile; fileRef = 187555642626177200D1CD7E /* SceneDelegate.swift */; };
		187555672626177200D1CD7E /* AdCollectionViewController.swift in Sources */ = {isa = PBXBuildFile; fileRef = 187555662626177200D1CD7E /* AdCollectionViewController.swift */; };
		1875556C2626177700D1CD7E /* Assets.xcassets in Resources */ = {isa = PBXBuildFile; fileRef = 1875556B2626177700D1CD7E /* Assets.xcassets */; };
		1875556F2626177700D1CD7E /* LaunchScreen.storyboard in Resources */ = {isa = PBXBuildFile; fileRef = 1875556D2626177700D1CD7E /* LaunchScreen.storyboard */; };
		187555A626261AA400D1CD7E /* AdData.swift in Sources */ = {isa = PBXBuildFile; fileRef = 187555A526261AA400D1CD7E /* AdData.swift */; };
		187555B626261D0C00D1CD7E /* NetworkService.swift in Sources */ = {isa = PBXBuildFile; fileRef = 187555B526261D0C00D1CD7E /* NetworkService.swift */; };
		187555BC26261D2C00D1CD7E /* NetworkError.swift in Sources */ = {isa = PBXBuildFile; fileRef = 187555BB26261D2C00D1CD7E /* NetworkError.swift */; };
		187555C226261F0400D1CD7E /* NetworkServiceTestCase.swift in Sources */ = {isa = PBXBuildFile; fileRef = 187555C126261F0400D1CD7E /* NetworkServiceTestCase.swift */; };
		187555C726261F5100D1CD7E /* URLSessionFake.swift in Sources */ = {isa = PBXBuildFile; fileRef = 187555C626261F5100D1CD7E /* URLSessionFake.swift */; };
		187555CE26261F8B00D1CD7E /* FakeResponseData.swift in Sources */ = {isa = PBXBuildFile; fileRef = 187555CD26261F8B00D1CD7E /* FakeResponseData.swift */; };
		187555D62626242800D1CD7E /* AdNetworkManager.swift in Sources */ = {isa = PBXBuildFile; fileRef = 187555D52626242800D1CD7E /* AdNetworkManager.swift */; };
		187555DE262627FD00D1CD7E /* Ad.swift in Sources */ = {isa = PBXBuildFile; fileRef = 187555DD262627FD00D1CD7E /* Ad.swift */; };
		188682B3262B0F0500FCF95E /* AdCategories.json in Resources */ = {isa = PBXBuildFile; fileRef = 188682B2262B0F0400FCF95E /* AdCategories.json */; };
		188682BE262B1AFB00FCF95E /* AdCollectionViewCell.swift in Sources */ = {isa = PBXBuildFile; fileRef = 188682BD262B1AFB00FCF95E /* AdCollectionViewCell.swift */; };
		188682D4262B77F800FCF95E /* AdCategoryFilterViewController.swift in Sources */ = {isa = PBXBuildFile; fileRef = 188682D3262B77F800FCF95E /* AdCategoryFilterViewController.swift */; };
		188682DA262B8B9E00FCF95E /* FilteredAdTableViewController.swift in Sources */ = {isa = PBXBuildFile; fileRef = 188682D9262B8B9E00FCF95E /* FilteredAdTableViewController.swift */; };
		188682DE262B997900FCF95E /* AdDetailViewController.swift in Sources */ = {isa = PBXBuildFile; fileRef = 188682DD262B997900FCF95E /* AdDetailViewController.swift */; };
		188682E3262C68E600FCF95E /* AdDetailSection.swift in Sources */ = {isa = PBXBuildFile; fileRef = 188682E2262C68E600FCF95E /* AdDetailSection.swift */; };
		189A85772629E64A001A0968 /* AdDataWithWrongFormatDate.json in Resources */ = {isa = PBXBuildFile; fileRef = 189A85762629E64A001A0968 /* AdDataWithWrongFormatDate.json */; };
		189A857B262A07F8001A0968 /* AdsDataForArrangeTest.json in Resources */ = {isa = PBXBuildFile; fileRef = 189A857A262A07F8001A0968 /* AdsDataForArrangeTest.json */; };
		189A857F262A1279001A0968 /* AdsTestCase.swift in Sources */ = {isa = PBXBuildFile; fileRef = 189A857E262A1279001A0968 /* AdsTestCase.swift */; };
/* End PBXBuildFile section */

/* Begin PBXContainerItemProxy section */
		187555762626177800D1CD7E /* PBXContainerItemProxy */ = {
			isa = PBXContainerItemProxy;
			containerPortal = 187555572626177200D1CD7E /* Project object */;
			proxyType = 1;
			remoteGlobalIDString = 1875555E2626177200D1CD7E;
			remoteInfo = Leboncoin;
		};
/* End PBXContainerItemProxy section */

/* Begin PBXFileReference section */
		18156F28262783F300107CDE /* AdNetworkManagerTestCase.swift */ = {isa = PBXFileReference; lastKnownFileType = sourcecode.swift; path = AdNetworkManagerTestCase.swift; sourceTree = "<group>"; };
		18156F2C2627859000107CDE /* UndecodableAdsData.json */ = {isa = PBXFileReference; lastKnownFileType = text.json; path = UndecodableAdsData.json; sourceTree = "<group>"; };
		18156F38262854FD00107CDE /* CompleteAdData.json */ = {isa = PBXFileReference; lastKnownFileType = text.json; path = CompleteAdData.json; sourceTree = "<group>"; };
		181DE84C262B036100C6A4F9 /* AdCategory.swift */ = {isa = PBXFileReference; lastKnownFileType = sourcecode.swift; path = AdCategory.swift; sourceTree = "<group>"; };
		1875555F2626177200D1CD7E /* Leboncoin.app */ = {isa = PBXFileReference; explicitFileType = wrapper.application; includeInIndex = 0; path = Leboncoin.app; sourceTree = BUILT_PRODUCTS_DIR; };
		187555622626177200D1CD7E /* AppDelegate.swift */ = {isa = PBXFileReference; lastKnownFileType = sourcecode.swift; path = AppDelegate.swift; sourceTree = "<group>"; };
		187555642626177200D1CD7E /* SceneDelegate.swift */ = {isa = PBXFileReference; lastKnownFileType = sourcecode.swift; path = SceneDelegate.swift; sourceTree = "<group>"; };
		187555662626177200D1CD7E /* AdCollectionViewController.swift */ = {isa = PBXFileReference; lastKnownFileType = sourcecode.swift; path = AdCollectionViewController.swift; sourceTree = "<group>"; };
		1875556B2626177700D1CD7E /* Assets.xcassets */ = {isa = PBXFileReference; lastKnownFileType = folder.assetcatalog; path = Assets.xcassets; sourceTree = "<group>"; };
		1875556E2626177700D1CD7E /* Base */ = {isa = PBXFileReference; lastKnownFileType = file.storyboard; name = Base; path = Base.lproj/LaunchScreen.storyboard; sourceTree = "<group>"; };
		187555702626177700D1CD7E /* Info.plist */ = {isa = PBXFileReference; lastKnownFileType = text.plist.xml; path = Info.plist; sourceTree = "<group>"; };
		187555752626177800D1CD7E /* LeboncoinTests.xctest */ = {isa = PBXFileReference; explicitFileType = wrapper.cfbundle; includeInIndex = 0; path = LeboncoinTests.xctest; sourceTree = BUILT_PRODUCTS_DIR; };
		1875557B2626177800D1CD7E /* Info.plist */ = {isa = PBXFileReference; lastKnownFileType = text.plist.xml; path = Info.plist; sourceTree = "<group>"; };
		187555A526261AA400D1CD7E /* AdData.swift */ = {isa = PBXFileReference; lastKnownFileType = sourcecode.swift; path = AdData.swift; sourceTree = "<group>"; };
		187555B526261D0C00D1CD7E /* NetworkService.swift */ = {isa = PBXFileReference; lastKnownFileType = sourcecode.swift; path = NetworkService.swift; sourceTree = "<group>"; };
		187555BB26261D2C00D1CD7E /* NetworkError.swift */ = {isa = PBXFileReference; lastKnownFileType = sourcecode.swift; path = NetworkError.swift; sourceTree = "<group>"; };
		187555C126261F0400D1CD7E /* NetworkServiceTestCase.swift */ = {isa = PBXFileReference; lastKnownFileType = sourcecode.swift; path = NetworkServiceTestCase.swift; sourceTree = "<group>"; };
		187555C626261F5100D1CD7E /* URLSessionFake.swift */ = {isa = PBXFileReference; lastKnownFileType = sourcecode.swift; path = URLSessionFake.swift; sourceTree = "<group>"; };
		187555CD26261F8B00D1CD7E /* FakeResponseData.swift */ = {isa = PBXFileReference; lastKnownFileType = sourcecode.swift; path = FakeResponseData.swift; sourceTree = "<group>"; };
		187555D52626242800D1CD7E /* AdNetworkManager.swift */ = {isa = PBXFileReference; lastKnownFileType = sourcecode.swift; path = AdNetworkManager.swift; sourceTree = "<group>"; };
		187555DD262627FD00D1CD7E /* Ad.swift */ = {isa = PBXFileReference; lastKnownFileType = sourcecode.swift; path = Ad.swift; sourceTree = "<group>"; };
		188682B2262B0F0400FCF95E /* AdCategories.json */ = {isa = PBXFileReference; lastKnownFileType = text.json; path = AdCategories.json; sourceTree = "<group>"; };
		188682BD262B1AFB00FCF95E /* AdCollectionViewCell.swift */ = {isa = PBXFileReference; lastKnownFileType = sourcecode.swift; path = AdCollectionViewCell.swift; sourceTree = "<group>"; };
		188682D3262B77F800FCF95E /* AdCategoryFilterViewController.swift */ = {isa = PBXFileReference; lastKnownFileType = sourcecode.swift; path = AdCategoryFilterViewController.swift; sourceTree = "<group>"; };
		188682D9262B8B9E00FCF95E /* FilteredAdTableViewController.swift */ = {isa = PBXFileReference; lastKnownFileType = sourcecode.swift; path = FilteredAdTableViewController.swift; sourceTree = "<group>"; };
		188682DD262B997900FCF95E /* AdDetailViewController.swift */ = {isa = PBXFileReference; lastKnownFileType = sourcecode.swift; path = AdDetailViewController.swift; sourceTree = "<group>"; };
		188682E2262C68E600FCF95E /* AdDetailSection.swift */ = {isa = PBXFileReference; lastKnownFileType = sourcecode.swift; path = AdDetailSection.swift; sourceTree = "<group>"; };
		189A85762629E64A001A0968 /* AdDataWithWrongFormatDate.json */ = {isa = PBXFileReference; lastKnownFileType = text.json; path = AdDataWithWrongFormatDate.json; sourceTree = "<group>"; };
		189A857A262A07F8001A0968 /* AdsDataForArrangeTest.json */ = {isa = PBXFileReference; lastKnownFileType = text.json; path = AdsDataForArrangeTest.json; sourceTree = "<group>"; };
		189A857E262A1279001A0968 /* AdsTestCase.swift */ = {isa = PBXFileReference; lastKnownFileType = sourcecode.swift; path = AdsTestCase.swift; sourceTree = "<group>"; };
/* End PBXFileReference section */

/* Begin PBXFrameworksBuildPhase section */
		1875555C2626177200D1CD7E /* Frameworks */ = {
			isa = PBXFrameworksBuildPhase;
			buildActionMask = 2147483647;
			files = (
			);
			runOnlyForDeploymentPostprocessing = 0;
		};
		187555722626177800D1CD7E /* Frameworks */ = {
			isa = PBXFrameworksBuildPhase;
			buildActionMask = 2147483647;
			files = (
			);
			runOnlyForDeploymentPostprocessing = 0;
		};
/* End PBXFrameworksBuildPhase section */

/* Begin PBXGroup section */
		18156F1726277B7700107CDE /* CoreNetworkServiceTest */ = {
			isa = PBXGroup;
			children = (
				187555C126261F0400D1CD7E /* NetworkServiceTestCase.swift */,
				187555C526261F2900D1CD7E /* Fakes */,
			);
			path = CoreNetworkServiceTest;
			sourceTree = "<group>";
		};
		18156F1826277BAD00107CDE /* AdNetworkManagerTest */ = {
			isa = PBXGroup;
			children = (
				18156F28262783F300107CDE /* AdNetworkManagerTestCase.swift */,
				189EF9622628E9E60046129A /* JSON */,
			);
			path = AdNetworkManagerTest;
			sourceTree = "<group>";
		};
		181DE832262A489700C6A4F9 /* AdTestCase */ = {
			isa = PBXGroup;
			children = (
				189A857E262A1279001A0968 /* AdsTestCase.swift */,
				189A857A262A07F8001A0968 /* AdsDataForArrangeTest.json */,
			);
			path = AdTestCase;
			sourceTree = "<group>";
		};
		181DE83D262A548E00C6A4F9 /* AdsCollectionViewController */ = {
			isa = PBXGroup;
			children = (
				187555662626177200D1CD7E /* AdCollectionViewController.swift */,
				188682D3262B77F800FCF95E /* AdCategoryFilterViewController.swift */,
			);
			path = AdsCollectionViewController;
			sourceTree = "<group>";
		};
		181DE83E262A54A500C6A4F9 /* FilterdAdsTableView */ = {
			isa = PBXGroup;
			children = (
				188682D9262B8B9E00FCF95E /* FilteredAdTableViewController.swift */,
			);
			path = FilterdAdsTableView;
			sourceTree = "<group>";
		};
		181DE83F262A54C000C6A4F9 /* AdDetailViewController */ = {
			isa = PBXGroup;
			children = (
				188682DD262B997900FCF95E /* AdDetailViewController.swift */,
			);
			path = AdDetailViewController;
			sourceTree = "<group>";
		};
		187555562626177200D1CD7E = {
			isa = PBXGroup;
			children = (
				187555612626177200D1CD7E /* Leboncoin */,
				187555782626177800D1CD7E /* LeboncoinTests */,
				187555602626177200D1CD7E /* Products */,
			);
			sourceTree = "<group>";
		};
		187555602626177200D1CD7E /* Products */ = {
			isa = PBXGroup;
			children = (
				1875555F2626177200D1CD7E /* Leboncoin.app */,
				187555752626177800D1CD7E /* LeboncoinTests.xctest */,
			);
			name = Products;
			sourceTree = "<group>";
		};
		187555612626177200D1CD7E /* Leboncoin */ = {
			isa = PBXGroup;
			children = (
				187555AC26261BA900D1CD7E /* Network */,
				1875559B2626180900D1CD7E /* Model */,
				1875559A2626180400D1CD7E /* View */,
				18755599262617FD00D1CD7E /* Controller */,
				18755598262617E800D1CD7E /* SupportingFiles */,
			);
			path = Leboncoin;
			sourceTree = "<group>";
		};
		187555782626177800D1CD7E /* LeboncoinTests */ = {
			isa = PBXGroup;
			children = (
				181DE832262A489700C6A4F9 /* AdTestCase */,
				18156F1826277BAD00107CDE /* AdNetworkManagerTest */,
				18156F1726277B7700107CDE /* CoreNetworkServiceTest */,
				1875557B2626177800D1CD7E /* Info.plist */,
			);
			path = LeboncoinTests;
			sourceTree = "<group>";
		};
		18755598262617E800D1CD7E /* SupportingFiles */ = {
			isa = PBXGroup;
			children = (
				187555622626177200D1CD7E /* AppDelegate.swift */,
				187555642626177200D1CD7E /* SceneDelegate.swift */,
				1875556B2626177700D1CD7E /* Assets.xcassets */,
				1875556D2626177700D1CD7E /* LaunchScreen.storyboard */,
				187555702626177700D1CD7E /* Info.plist */,
			);
			path = SupportingFiles;
			sourceTree = "<group>";
		};
		18755599262617FD00D1CD7E /* Controller */ = {
			isa = PBXGroup;
			children = (
				181DE83D262A548E00C6A4F9 /* AdsCollectionViewController */,
				181DE83E262A54A500C6A4F9 /* FilterdAdsTableView */,
				181DE83F262A54C000C6A4F9 /* AdDetailViewController */,
			);
			path = Controller;
			sourceTree = "<group>";
		};
		1875559A2626180400D1CD7E /* View */ = {
			isa = PBXGroup;
			children = (
				188682BC262B1AB200FCF95E /* AdCell */,
			);
			path = View;
			sourceTree = "<group>";
		};
		1875559B2626180900D1CD7E /* Model */ = {
			isa = PBXGroup;
			children = (
				187555A526261AA400D1CD7E /* AdData.swift */,
				187555DD262627FD00D1CD7E /* Ad.swift */,
				181DE84C262B036100C6A4F9 /* AdCategory.swift */,
				188682E2262C68E600FCF95E /* AdDetailSection.swift */,
			);
			path = Model;
			sourceTree = "<group>";
		};
		187555AC26261BA900D1CD7E /* Network */ = {
			isa = PBXGroup;
			children = (
				187555D3262623ED00D1CD7E /* Core */,
				187555D4262623FE00D1CD7E /* Ad */,
			);
			path = Network;
			sourceTree = "<group>";
		};
		187555C526261F2900D1CD7E /* Fakes */ = {
			isa = PBXGroup;
			children = (
				187555C626261F5100D1CD7E /* URLSessionFake.swift */,
				187555CD26261F8B00D1CD7E /* FakeResponseData.swift */,
			);
			path = Fakes;
			sourceTree = "<group>";
		};
		187555D3262623ED00D1CD7E /* Core */ = {
			isa = PBXGroup;
			children = (
				187555B526261D0C00D1CD7E /* NetworkService.swift */,
				187555BB26261D2C00D1CD7E /* NetworkError.swift */,
			);
			path = Core;
			sourceTree = "<group>";
		};
		187555D4262623FE00D1CD7E /* Ad */ = {
			isa = PBXGroup;
			children = (
				187555D52626242800D1CD7E /* AdNetworkManager.swift */,
			);
			path = Ad;
			sourceTree = "<group>";
		};
		188682BC262B1AB200FCF95E /* AdCell */ = {
			isa = PBXGroup;
			children = (
				188682BD262B1AFB00FCF95E /* AdCollectionViewCell.swift */,
			);
			path = AdCell;
			sourceTree = "<group>";
		};
		189EF9622628E9E60046129A /* JSON */ = {
			isa = PBXGroup;
			children = (
				18156F38262854FD00107CDE /* CompleteAdData.json */,
				18156F2C2627859000107CDE /* UndecodableAdsData.json */,
				189A85762629E64A001A0968 /* AdDataWithWrongFormatDate.json */,
				188682B2262B0F0400FCF95E /* AdCategories.json */,
			);
			path = JSON;
			sourceTree = "<group>";
		};
/* End PBXGroup section */

/* Begin PBXNativeTarget section */
		1875555E2626177200D1CD7E /* Leboncoin */ = {
			isa = PBXNativeTarget;
			buildConfigurationList = 187555892626177800D1CD7E /* Build configuration list for PBXNativeTarget "Leboncoin" */;
			buildPhases = (
				1875555B2626177200D1CD7E /* Sources */,
				1875555C2626177200D1CD7E /* Frameworks */,
				1875555D2626177200D1CD7E /* Resources */,
				187555A2262619C100D1CD7E /* ShellScript */,
			);
			buildRules = (
			);
			dependencies = (
			);
			name = Leboncoin;
			productName = Leboncoin;
			productReference = 1875555F2626177200D1CD7E /* Leboncoin.app */;
			productType = "com.apple.product-type.application";
		};
		187555742626177800D1CD7E /* LeboncoinTests */ = {
			isa = PBXNativeTarget;
			buildConfigurationList = 1875558C2626177800D1CD7E /* Build configuration list for PBXNativeTarget "LeboncoinTests" */;
			buildPhases = (
				187555712626177800D1CD7E /* Sources */,
				187555722626177800D1CD7E /* Frameworks */,
				187555732626177800D1CD7E /* Resources */,
			);
			buildRules = (
			);
			dependencies = (
				187555772626177800D1CD7E /* PBXTargetDependency */,
			);
			name = LeboncoinTests;
			productName = LeboncoinTests;
			productReference = 187555752626177800D1CD7E /* LeboncoinTests.xctest */;
			productType = "com.apple.product-type.bundle.unit-test";
		};
/* End PBXNativeTarget section */

/* Begin PBXProject section */
		187555572626177200D1CD7E /* Project object */ = {
			isa = PBXProject;
			attributes = {
				LastSwiftUpdateCheck = 1240;
				LastUpgradeCheck = 1240;
				TargetAttributes = {
					1875555E2626177200D1CD7E = {
						CreatedOnToolsVersion = 12.4;
					};
					187555742626177800D1CD7E = {
						CreatedOnToolsVersion = 12.4;
						TestTargetID = 1875555E2626177200D1CD7E;
					};
				};
			};
			buildConfigurationList = 1875555A2626177200D1CD7E /* Build configuration list for PBXProject "Leboncoin" */;
			compatibilityVersion = "Xcode 9.3";
			developmentRegion = en;
			hasScannedForEncodings = 0;
			knownRegions = (
				en,
				Base,
			);
			mainGroup = 187555562626177200D1CD7E;
			productRefGroup = 187555602626177200D1CD7E /* Products */;
			projectDirPath = "";
			projectRoot = "";
			targets = (
				1875555E2626177200D1CD7E /* Leboncoin */,
				187555742626177800D1CD7E /* LeboncoinTests */,
			);
		};
/* End PBXProject section */

/* Begin PBXResourcesBuildPhase section */
		1875555D2626177200D1CD7E /* Resources */ = {
			isa = PBXResourcesBuildPhase;
			buildActionMask = 2147483647;
			files = (
				1875556F2626177700D1CD7E /* LaunchScreen.storyboard in Resources */,
				1875556C2626177700D1CD7E /* Assets.xcassets in Resources */,
			);
			runOnlyForDeploymentPostprocessing = 0;
		};
		187555732626177800D1CD7E /* Resources */ = {
			isa = PBXResourcesBuildPhase;
			buildActionMask = 2147483647;
			files = (
				188682B3262B0F0500FCF95E /* AdCategories.json in Resources */,
				18156F2D2627859000107CDE /* UndecodableAdsData.json in Resources */,
				189A85772629E64A001A0968 /* AdDataWithWrongFormatDate.json in Resources */,
				18156F39262854FE00107CDE /* CompleteAdData.json in Resources */,
				189A857B262A07F8001A0968 /* AdsDataForArrangeTest.json in Resources */,
			);
			runOnlyForDeploymentPostprocessing = 0;
		};
/* End PBXResourcesBuildPhase section */

/* Begin PBXShellScriptBuildPhase section */
		187555A2262619C100D1CD7E /* ShellScript */ = {
			isa = PBXShellScriptBuildPhase;
			buildActionMask = 2147483647;
			files = (
			);
			inputFileListPaths = (
			);
			inputPaths = (
			);
			outputFileListPaths = (
			);
			outputPaths = (
			);
			runOnlyForDeploymentPostprocessing = 0;
			shellPath = /bin/sh;
			shellScript = "# Type a script or drag a script file from your workspace to insert its path.\nif which swiftlint >/dev/null; then\n  swiftlint\nelse\n  echo \"warning: SwiftLint not installed, download from https://github.com/realm/SwiftLint\"\nfi\n";
		};
/* End PBXShellScriptBuildPhase section */

/* Begin PBXSourcesBuildPhase section */
		1875555B2626177200D1CD7E /* Sources */ = {
			isa = PBXSourcesBuildPhase;
			buildActionMask = 2147483647;
			files = (
				187555B626261D0C00D1CD7E /* NetworkService.swift in Sources */,
				187555672626177200D1CD7E /* AdCollectionViewController.swift in Sources */,
				187555A626261AA400D1CD7E /* AdData.swift in Sources */,
				187555BC26261D2C00D1CD7E /* NetworkError.swift in Sources */,
				187555DE262627FD00D1CD7E /* Ad.swift in Sources */,
				187555632626177200D1CD7E /* AppDelegate.swift in Sources */,
				188682DE262B997900FCF95E /* AdDetailViewController.swift in Sources */,
				187555652626177200D1CD7E /* SceneDelegate.swift in Sources */,
				188682D4262B77F800FCF95E /* AdCategoryFilterViewController.swift in Sources */,
				188682BE262B1AFB00FCF95E /* AdCollectionViewCell.swift in Sources */,
				188682DA262B8B9E00FCF95E /* FilteredAdTableViewController.swift in Sources */,
				188682E3262C68E600FCF95E /* AdDetailSection.swift in Sources */,
				187555D62626242800D1CD7E /* AdNetworkManager.swift in Sources */,
				181DE84D262B036100C6A4F9 /* AdCategory.swift in Sources */,
			);
			runOnlyForDeploymentPostprocessing = 0;
		};
		187555712626177800D1CD7E /* Sources */ = {
			isa = PBXSourcesBuildPhase;
			buildActionMask = 2147483647;
			files = (
				187555C226261F0400D1CD7E /* NetworkServiceTestCase.swift in Sources */,
				187555CE26261F8B00D1CD7E /* FakeResponseData.swift in Sources */,
				187555C726261F5100D1CD7E /* URLSessionFake.swift in Sources */,
				18156F29262783F300107CDE /* AdNetworkManagerTestCase.swift in Sources */,
				189A857F262A1279001A0968 /* AdsTestCase.swift in Sources */,
			);
			runOnlyForDeploymentPostprocessing = 0;
		};
/* End PBXSourcesBuildPhase section */

/* Begin PBXTargetDependency section */
		187555772626177800D1CD7E /* PBXTargetDependency */ = {
			isa = PBXTargetDependency;
			target = 1875555E2626177200D1CD7E /* Leboncoin */;
			targetProxy = 187555762626177800D1CD7E /* PBXContainerItemProxy */;
		};
/* End PBXTargetDependency section */

/* Begin PBXVariantGroup section */
		1875556D2626177700D1CD7E /* LaunchScreen.storyboard */ = {
			isa = PBXVariantGroup;
			children = (
				1875556E2626177700D1CD7E /* Base */,
			);
			name = LaunchScreen.storyboard;
			sourceTree = "<group>";
		};
/* End PBXVariantGroup section */

/* Begin XCBuildConfiguration section */
		187555872626177800D1CD7E /* Debug */ = {
			isa = XCBuildConfiguration;
			buildSettings = {
				ALWAYS_SEARCH_USER_PATHS = NO;
				CLANG_ANALYZER_NONNULL = YES;
				CLANG_ANALYZER_NUMBER_OBJECT_CONVERSION = YES_AGGRESSIVE;
				CLANG_CXX_LANGUAGE_STANDARD = "gnu++14";
				CLANG_CXX_LIBRARY = "libc++";
				CLANG_ENABLE_MODULES = YES;
				CLANG_ENABLE_OBJC_ARC = YES;
				CLANG_ENABLE_OBJC_WEAK = YES;
				CLANG_WARN_BLOCK_CAPTURE_AUTORELEASING = YES;
				CLANG_WARN_BOOL_CONVERSION = YES;
				CLANG_WARN_COMMA = YES;
				CLANG_WARN_CONSTANT_CONVERSION = YES;
				CLANG_WARN_DEPRECATED_OBJC_IMPLEMENTATIONS = YES;
				CLANG_WARN_DIRECT_OBJC_ISA_USAGE = YES_ERROR;
				CLANG_WARN_DOCUMENTATION_COMMENTS = YES;
				CLANG_WARN_EMPTY_BODY = YES;
				CLANG_WARN_ENUM_CONVERSION = YES;
				CLANG_WARN_INFINITE_RECURSION = YES;
				CLANG_WARN_INT_CONVERSION = YES;
				CLANG_WARN_NON_LITERAL_NULL_CONVERSION = YES;
				CLANG_WARN_OBJC_IMPLICIT_RETAIN_SELF = YES;
				CLANG_WARN_OBJC_LITERAL_CONVERSION = YES;
				CLANG_WARN_OBJC_ROOT_CLASS = YES_ERROR;
				CLANG_WARN_QUOTED_INCLUDE_IN_FRAMEWORK_HEADER = YES;
				CLANG_WARN_RANGE_LOOP_ANALYSIS = YES;
				CLANG_WARN_STRICT_PROTOTYPES = YES;
				CLANG_WARN_SUSPICIOUS_MOVE = YES;
				CLANG_WARN_UNGUARDED_AVAILABILITY = YES_AGGRESSIVE;
				CLANG_WARN_UNREACHABLE_CODE = YES;
				CLANG_WARN__DUPLICATE_METHOD_MATCH = YES;
				COPY_PHASE_STRIP = NO;
				DEBUG_INFORMATION_FORMAT = dwarf;
				ENABLE_STRICT_OBJC_MSGSEND = YES;
				ENABLE_TESTABILITY = YES;
				GCC_C_LANGUAGE_STANDARD = gnu11;
				GCC_DYNAMIC_NO_PIC = NO;
				GCC_NO_COMMON_BLOCKS = YES;
				GCC_OPTIMIZATION_LEVEL = 0;
				GCC_PREPROCESSOR_DEFINITIONS = (
					"DEBUG=1",
					"$(inherited)",
				);
				GCC_WARN_64_TO_32_BIT_CONVERSION = YES;
				GCC_WARN_ABOUT_RETURN_TYPE = YES_ERROR;
				GCC_WARN_UNDECLARED_SELECTOR = YES;
				GCC_WARN_UNINITIALIZED_AUTOS = YES_AGGRESSIVE;
				GCC_WARN_UNUSED_FUNCTION = YES;
				GCC_WARN_UNUSED_VARIABLE = YES;
				IPHONEOS_DEPLOYMENT_TARGET = 14.4;
				MTL_ENABLE_DEBUG_INFO = INCLUDE_SOURCE;
				MTL_FAST_MATH = YES;
				ONLY_ACTIVE_ARCH = YES;
				SDKROOT = iphoneos;
				SWIFT_ACTIVE_COMPILATION_CONDITIONS = DEBUG;
				SWIFT_OPTIMIZATION_LEVEL = "-Onone";
			};
			name = Debug;
		};
		187555882626177800D1CD7E /* Release */ = {
			isa = XCBuildConfiguration;
			buildSettings = {
				ALWAYS_SEARCH_USER_PATHS = NO;
				CLANG_ANALYZER_NONNULL = YES;
				CLANG_ANALYZER_NUMBER_OBJECT_CONVERSION = YES_AGGRESSIVE;
				CLANG_CXX_LANGUAGE_STANDARD = "gnu++14";
				CLANG_CXX_LIBRARY = "libc++";
				CLANG_ENABLE_MODULES = YES;
				CLANG_ENABLE_OBJC_ARC = YES;
				CLANG_ENABLE_OBJC_WEAK = YES;
				CLANG_WARN_BLOCK_CAPTURE_AUTORELEASING = YES;
				CLANG_WARN_BOOL_CONVERSION = YES;
				CLANG_WARN_COMMA = YES;
				CLANG_WARN_CONSTANT_CONVERSION = YES;
				CLANG_WARN_DEPRECATED_OBJC_IMPLEMENTATIONS = YES;
				CLANG_WARN_DIRECT_OBJC_ISA_USAGE = YES_ERROR;
				CLANG_WARN_DOCUMENTATION_COMMENTS = YES;
				CLANG_WARN_EMPTY_BODY = YES;
				CLANG_WARN_ENUM_CONVERSION = YES;
				CLANG_WARN_INFINITE_RECURSION = YES;
				CLANG_WARN_INT_CONVERSION = YES;
				CLANG_WARN_NON_LITERAL_NULL_CONVERSION = YES;
				CLANG_WARN_OBJC_IMPLICIT_RETAIN_SELF = YES;
				CLANG_WARN_OBJC_LITERAL_CONVERSION = YES;
				CLANG_WARN_OBJC_ROOT_CLASS = YES_ERROR;
				CLANG_WARN_QUOTED_INCLUDE_IN_FRAMEWORK_HEADER = YES;
				CLANG_WARN_RANGE_LOOP_ANALYSIS = YES;
				CLANG_WARN_STRICT_PROTOTYPES = YES;
				CLANG_WARN_SUSPICIOUS_MOVE = YES;
				CLANG_WARN_UNGUARDED_AVAILABILITY = YES_AGGRESSIVE;
				CLANG_WARN_UNREACHABLE_CODE = YES;
				CLANG_WARN__DUPLICATE_METHOD_MATCH = YES;
				COPY_PHASE_STRIP = NO;
				DEBUG_INFORMATION_FORMAT = "dwarf-with-dsym";
				ENABLE_NS_ASSERTIONS = NO;
				ENABLE_STRICT_OBJC_MSGSEND = YES;
				GCC_C_LANGUAGE_STANDARD = gnu11;
				GCC_NO_COMMON_BLOCKS = YES;
				GCC_WARN_64_TO_32_BIT_CONVERSION = YES;
				GCC_WARN_ABOUT_RETURN_TYPE = YES_ERROR;
				GCC_WARN_UNDECLARED_SELECTOR = YES;
				GCC_WARN_UNINITIALIZED_AUTOS = YES_AGGRESSIVE;
				GCC_WARN_UNUSED_FUNCTION = YES;
				GCC_WARN_UNUSED_VARIABLE = YES;
				IPHONEOS_DEPLOYMENT_TARGET = 14.4;
				MTL_ENABLE_DEBUG_INFO = NO;
				MTL_FAST_MATH = YES;
				SDKROOT = iphoneos;
				SWIFT_COMPILATION_MODE = wholemodule;
				SWIFT_OPTIMIZATION_LEVEL = "-O";
				VALIDATE_PRODUCT = YES;
			};
			name = Release;
		};
		1875558A2626177800D1CD7E /* Debug */ = {
			isa = XCBuildConfiguration;
			buildSettings = {
				ASSETCATALOG_COMPILER_APPICON_NAME = AppIcon;
				ASSETCATALOG_COMPILER_GLOBAL_ACCENT_COLOR_NAME = AccentColor;
				CODE_SIGN_STYLE = Automatic;
				DEVELOPMENT_TEAM = 5D44BN2V8A;
				INFOPLIST_FILE = Leboncoin/SupportingFiles/Info.plist;
				LD_RUNPATH_SEARCH_PATHS = (
					"$(inherited)",
					"@executable_path/Frameworks",
				);
				PRODUCT_BUNDLE_IDENTIFIER = com.djivaCanessane.Leboncoin;
				PRODUCT_NAME = "$(TARGET_NAME)";
				SWIFT_VERSION = 5.0;
				TARGETED_DEVICE_FAMILY = "1,2";
			};
			name = Debug;
		};
		1875558B2626177800D1CD7E /* Release */ = {
			isa = XCBuildConfiguration;
			buildSettings = {
				ASSETCATALOG_COMPILER_APPICON_NAME = AppIcon;
				ASSETCATALOG_COMPILER_GLOBAL_ACCENT_COLOR_NAME = AccentColor;
				CODE_SIGN_STYLE = Automatic;
				DEVELOPMENT_TEAM = 5D44BN2V8A;
				INFOPLIST_FILE = Leboncoin/SupportingFiles/Info.plist;
				LD_RUNPATH_SEARCH_PATHS = (
					"$(inherited)",
					"@executable_path/Frameworks",
				);
				PRODUCT_BUNDLE_IDENTIFIER = com.djivaCanessane.Leboncoin;
				PRODUCT_NAME = "$(TARGET_NAME)";
				SWIFT_VERSION = 5.0;
				TARGETED_DEVICE_FAMILY = "1,2";
			};
			name = Release;
		};
		1875558D2626177800D1CD7E /* Debug */ = {
			isa = XCBuildConfiguration;
			buildSettings = {
				ALWAYS_EMBED_SWIFT_STANDARD_LIBRARIES = YES;
				BUNDLE_LOADER = "$(TEST_HOST)";
				CODE_SIGN_STYLE = Automatic;
				DEVELOPMENT_TEAM = 5D44BN2V8A;
				INFOPLIST_FILE = LeboncoinTests/Info.plist;
				IPHONEOS_DEPLOYMENT_TARGET = 14.4;
				LD_RUNPATH_SEARCH_PATHS = (
					"$(inherited)",
					"@executable_path/Frameworks",
					"@loader_path/Frameworks",
				);
				PRODUCT_BUNDLE_IDENTIFIER = com.djivaCanessane.LeboncoinTests;
				PRODUCT_NAME = "$(TARGET_NAME)";
				SWIFT_VERSION = 5.0;
				TARGETED_DEVICE_FAMILY = "1,2";
				TEST_HOST = "$(BUILT_PRODUCTS_DIR)/Leboncoin.app/Leboncoin";
			};
			name = Debug;
		};
		1875558E2626177800D1CD7E /* Release */ = {
			isa = XCBuildConfiguration;
			buildSettings = {
				ALWAYS_EMBED_SWIFT_STANDARD_LIBRARIES = YES;
				BUNDLE_LOADER = "$(TEST_HOST)";
				CODE_SIGN_STYLE = Automatic;
				DEVELOPMENT_TEAM = 5D44BN2V8A;
				INFOPLIST_FILE = LeboncoinTests/Info.plist;
				IPHONEOS_DEPLOYMENT_TARGET = 14.4;
				LD_RUNPATH_SEARCH_PATHS = (
					"$(inherited)",
					"@executable_path/Frameworks",
					"@loader_path/Frameworks",
				);
				PRODUCT_BUNDLE_IDENTIFIER = com.djivaCanessane.LeboncoinTests;
				PRODUCT_NAME = "$(TARGET_NAME)";
				SWIFT_VERSION = 5.0;
				TARGETED_DEVICE_FAMILY = "1,2";
				TEST_HOST = "$(BUILT_PRODUCTS_DIR)/Leboncoin.app/Leboncoin";
			};
			name = Release;
		};
/* End XCBuildConfiguration section */

/* Begin XCConfigurationList section */
		1875555A2626177200D1CD7E /* Build configuration list for PBXProject "Leboncoin" */ = {
			isa = XCConfigurationList;
			buildConfigurations = (
				187555872626177800D1CD7E /* Debug */,
				187555882626177800D1CD7E /* Release */,
			);
			defaultConfigurationIsVisible = 0;
			defaultConfigurationName = Release;
		};
		187555892626177800D1CD7E /* Build configuration list for PBXNativeTarget "Leboncoin" */ = {
			isa = XCConfigurationList;
			buildConfigurations = (
				1875558A2626177800D1CD7E /* Debug */,
				1875558B2626177800D1CD7E /* Release */,
			);
			defaultConfigurationIsVisible = 0;
			defaultConfigurationName = Release;
		};
		1875558C2626177800D1CD7E /* Build configuration list for PBXNativeTarget "LeboncoinTests" */ = {
			isa = XCConfigurationList;
			buildConfigurations = (
				1875558D2626177800D1CD7E /* Debug */,
				1875558E2626177800D1CD7E /* Release */,
			);
			defaultConfigurationIsVisible = 0;
			defaultConfigurationName = Release;
		};
/* End XCConfigurationList section */
	};
	rootObject = 187555572626177200D1CD7E /* Project object */;
}
